
Microsoft Visual Studio Solution File, Format Version 12.00
# Visual Studio 15
VisualStudioVersion = 15.0.27428.2043
MinimumVisualStudioVersion = 10.0.40219.1
Project("{FAE04EC0-301F-11D3-BF4B-00C04F79EFBC}") = "EasyCloudNavigator.UI", "EasyCloudNavigator.UI\EasyCloudNavigator.UI.csproj", "{8A14B31E-8B15-4DAA-A99E-6C610FDEFDF6}"
EndProject
Global
	GlobalSection(SolutionConfigurationPlatforms) = preSolution
		Debug|Any CPU = Debug|Any CPU
		Release|Any CPU = Release|Any CPU
	EndGlobalSection
	GlobalSection(ProjectConfigurationPlatforms) = postSolution
		{8A14B31E-8B15-4DAA-A99E-6C610FDEFDF6}.Debug|Any CPU.ActiveCfg = Debug|Any CPU
		{8A14B31E-8B15-4DAA-A99E-6C610FDEFDF6}.Debug|Any CPU.Build.0 = Debug|Any CPU
		{8A14B31E-8B15-4DAA-A99E-6C610FDEFDF6}.Release|Any CPU.ActiveCfg = Release|Any CPU
		{8A14B31E-8B15-4DAA-A99E-6C610FDEFDF6}.Release|Any CPU.Build.0 = Release|Any CPU
	EndGlobalSection
	GlobalSection(SolutionProperties) = preSolution
		HideSolutionNode = FALSE
	EndGlobalSection
	GlobalSection(ExtensibilityGlobals) = postSolution
		SolutionGuid = {03A6FA7E-E2EF-4A8E-B281-AB59842DABB0}
	EndGlobalSection
EndGlobal
